
Microsoft Visual Studio Solution File, Format Version 12.00
# Visual Studio Version 16
VisualStudioVersion = 16.0.30503.244
MinimumVisualStudioVersion = 10.0.40219.1
Project("{FAE04EC0-301F-11D3-BF4B-00C04F79EFBC}") = "TflAutomation", "TflAutomation\TflAutomation.csproj", "{05704096-B43F-4942-B61F-92A662F53715}"
EndProject
Global
	GlobalSection(SolutionConfigurationPlatforms) = preSolution
		Debug|Any CPU = Debug|Any CPU
		Release|Any CPU = Release|Any CPU
	EndGlobalSection
	GlobalSection(ProjectConfigurationPlatforms) = postSolution
		{05704096-B43F-4942-B61F-92A662F53715}.Debug|Any CPU.ActiveCfg = Debug|Any CPU
		{05704096-B43F-4942-B61F-92A662F53715}.Debug|Any CPU.Build.0 = Debug|Any CPU
		{05704096-B43F-4942-B61F-92A662F53715}.Release|Any CPU.ActiveCfg = Release|Any CPU
		{05704096-B43F-4942-B61F-92A662F53715}.Release|Any CPU.Build.0 = Release|Any CPU
	EndGlobalSection
	GlobalSection(SolutionProperties) = preSolution
		HideSolutionNode = FALSE
	EndGlobalSection
	GlobalSection(ExtensibilityGlobals) = postSolution
		SolutionGuid = {8802E663-0F08-40E9-BA60-7C00B2F4404B}
	EndGlobalSection
EndGlobal
